# THIS IS AN AUTOGENERATED FILE. DO NOT EDIT THIS FILE DIRECTLY.
# yarn lockfile v1


mini-ddui@^0.0.6:
  version "0.0.6"
  resolved "https://registry.yarnpkg.com/mini-ddui/-/mini-ddui-0.0.6.tgz#a08a4e8820534fa2d9ab9956403e6581ae3e88d6"
  integrity sha512-9KFWmvAKIv2pLGlRU+9lG7nwLQKGSB/EhoQqw46B1huhHGRKSdtiWe4Zm92Gp/ioruqnjgNELqBvnn2za0gWAA==
